Microsoft Visual Studio Solution File, Format Version 12.00
# Visual Studio 2012
Project("{FAE04EC0-301F-11D3-BF4B-00C04F79EFBC}") = "Metro", "Metro.csproj", "{27BAAC0A-EC9D-4EEC-91AB-73B860B139EC}"
EndProject
Global
	GlobalSection(SolutionConfigurationPlatforms) = preSolution
	Debug|Any CPU = Debug|Any CPU
	ExportDebug|Any CPU = ExportDebug|Any CPU
	ExportRelease|Any CPU = ExportRelease|Any CPU
	EndGlobalSection
	GlobalSection(ProjectConfigurationPlatforms) = postSolution
		{27BAAC0A-EC9D-4EEC-91AB-73B860B139EC}.Debug|Any CPU.ActiveCfg = Debug|Any CPU
		{27BAAC0A-EC9D-4EEC-91AB-73B860B139EC}.Debug|Any CPU.Build.0 = Debug|Any CPU
		{27BAAC0A-EC9D-4EEC-91AB-73B860B139EC}.ExportDebug|Any CPU.ActiveCfg = ExportDebug|Any CPU
		{27BAAC0A-EC9D-4EEC-91AB-73B860B139EC}.ExportDebug|Any CPU.Build.0 = ExportDebug|Any CPU
		{27BAAC0A-EC9D-4EEC-91AB-73B860B139EC}.ExportRelease|Any CPU.ActiveCfg = ExportRelease|Any CPU
		{27BAAC0A-EC9D-4EEC-91AB-73B860B139EC}.ExportRelease|Any CPU.Build.0 = ExportRelease|Any CPU
	EndGlobalSection
EndGlobal
